
Microsoft Visual Studio Solution File, Format Version 12.00
# Visual Studio 15
VisualStudioVersion = 15.0.27703.2018
MinimumVisualStudioVersion = 10.0.40219.1
Project("{FAE04EC0-301F-11D3-BF4B-00C04F79EFBC}") = "DocumentAnalysis", "DocumentAnalysis\DocumentAnalysis.csproj", "{404BCF97-5085-477F-A753-85F8199DAF19}"
EndProject
Global
	GlobalSection(SolutionConfigurationPlatforms) = preSolution
		Debug|Any CPU = Debug|Any CPU
		Release|Any CPU = Release|Any CPU
	EndGlobalSection
	GlobalSection(ProjectConfigurationPlatforms) = postSolution
		{404BCF97-5085-477F-A753-85F8199DAF19}.Debug|Any CPU.ActiveCfg = Debug|Any CPU
		{404BCF97-5085-477F-A753-85F8199DAF19}.Debug|Any CPU.Build.0 = Debug|Any CPU
		{404BCF97-5085-477F-A753-85F8199DAF19}.Release|Any CPU.ActiveCfg = Release|Any CPU
		{404BCF97-5085-477F-A753-85F8199DAF19}.Release|Any CPU.Build.0 = Release|Any CPU
	EndGlobalSection
	GlobalSection(SolutionProperties) = preSolution
		HideSolutionNode = FALSE
	EndGlobalSection
	GlobalSection(ExtensibilityGlobals) = postSolution
		SolutionGuid = {6FF87A57-2D23-4115-9FBD-6D5614FF676E}
	EndGlobalSection
EndGlobal
